
Microsoft Visual Studio Solution File, Format Version 12.00
# Visual Studio Version 16
VisualStudioVersion = 16.0.29613.14
MinimumVisualStudioVersion = 10.0.40219.1
Project("{FAE04EC0-301F-11D3-BF4B-00C04F79EFBC}") = "3a1Vitor43-3", "3a1Vitor43-3\3a1Vitor43-3.csproj", "{70F2C142-BCA2-4CD0-B599-1E8A30A28C40}"
EndProject
Global
	GlobalSection(SolutionConfigurationPlatforms) = preSolution
		Debug|Any CPU = Debug|Any CPU
		Release|Any CPU = Release|Any CPU
	EndGlobalSection
	GlobalSection(ProjectConfigurationPlatforms) = postSolution
		{70F2C142-BCA2-4CD0-B599-1E8A30A28C40}.Debug|Any CPU.ActiveCfg = Debug|Any CPU
		{70F2C142-BCA2-4CD0-B599-1E8A30A28C40}.Debug|Any CPU.Build.0 = Debug|Any CPU
		{70F2C142-BCA2-4CD0-B599-1E8A30A28C40}.Release|Any CPU.ActiveCfg = Release|Any CPU
		{70F2C142-BCA2-4CD0-B599-1E8A30A28C40}.Release|Any CPU.Build.0 = Release|Any CPU
	EndGlobalSection
	GlobalSection(SolutionProperties) = preSolution
		HideSolutionNode = FALSE
	EndGlobalSection
	GlobalSection(ExtensibilityGlobals) = postSolution
		SolutionGuid = {4B5DCB5F-F7A3-409F-A17B-5C92202AF45A}
	EndGlobalSection
EndGlobal
